
Microsoft Visual Studio Solution File, Format Version 12.00
# Visual Studio Version 17
VisualStudioVersion = 17.6.33829.357
MinimumVisualStudioVersion = 10.0.40219.1
Project("{FAE04EC0-301F-11D3-BF4B-00C04F79EFBC}") = "VolunProject", "VolunProject\VolunProject.csproj", "{DE82BF65-8952-43A4-B4BC-2A4A00567020}"
EndProject
Global
	GlobalSection(SolutionConfigurationPlatforms) = preSolution
		Debug|Any CPU = Debug|Any CPU
		Release|Any CPU = Release|Any CPU
	EndGlobalSection
	GlobalSection(ProjectConfigurationPlatforms) = postSolution
		{DE82BF65-8952-43A4-B4BC-2A4A00567020}.Debug|Any CPU.ActiveCfg = Debug|Any CPU
		{DE82BF65-8952-43A4-B4BC-2A4A00567020}.Debug|Any CPU.Build.0 = Debug|Any CPU
		{DE82BF65-8952-43A4-B4BC-2A4A00567020}.Release|Any CPU.ActiveCfg = Release|Any CPU
		{DE82BF65-8952-43A4-B4BC-2A4A00567020}.Release|Any CPU.Build.0 = Release|Any CPU
	EndGlobalSection
	GlobalSection(SolutionProperties) = preSolution
		HideSolutionNode = FALSE
	EndGlobalSection
	GlobalSection(ExtensibilityGlobals) = postSolution
		SolutionGuid = {324619EE-B4F8-4EED-B5EE-91C12D82ABBD}
	EndGlobalSection
EndGlobal
